Microsoft Visual Studio Solution File, Format Version 11.00
# Visual Studio 2008

Project("{92E85EE2-AA52-444E-3DD7-1D2F2F4F2C0F}") = "Garage", "Assembly-CSharp.csproj", "{CCEAA657-824F-3162-3482-5D0776F29F08}"
EndProject
Global
	GlobalSection(SolutionConfigurationPlatforms) = preSolution
		Debug|Any CPU = Debug|Any CPU
		Release|Any CPU = Release|Any CPU
	EndGlobalSection
	GlobalSection(ProjectConfigurationPlatforms) = postSolution
		{CCEAA657-824F-3162-3482-5D0776F29F08}.Debug|Any CPU.ActiveCfg = Debug|Any CPU
		{CCEAA657-824F-3162-3482-5D0776F29F08}.Debug|Any CPU.Build.0 = Debug|Any CPU
		{CCEAA657-824F-3162-3482-5D0776F29F08}.Release|Any CPU.ActiveCfg = Release|Any CPU
		{CCEAA657-824F-3162-3482-5D0776F29F08}.Release|Any CPU.Build.0 = Release|Any CPU
	EndGlobalSection
	GlobalSection(SolutionProperties) = preSolution
		HideSolutionNode = FALSE
	EndGlobalSection
	GlobalSection(MonoDevelopProperties) = preSolution
		StartupItem = Assembly-CSharp.csproj
	EndGlobalSection
EndGlobal
